
Microsoft Visual Studio Solution File, Format Version 12.00
# Visual Studio Version 16
VisualStudioVersion = 16.0.32630.194
MinimumVisualStudioVersion = 10.0.40219.1
Project("{FAE04EC0-301F-11D3-BF4B-00C04F79EFBC}") = "Charles_WebApplication", "Charles_WebApplication\Charles_WebApplication.csproj", "{4C3F6155-FABD-4134-B919-9CBB6F829A16}"
EndProject
Global
	GlobalSection(SolutionConfigurationPlatforms) = preSolution
		Debug|Any CPU = Debug|Any CPU
		Release|Any CPU = Release|Any CPU
	EndGlobalSection
	GlobalSection(ProjectConfigurationPlatforms) = postSolution
		{4C3F6155-FABD-4134-B919-9CBB6F829A16}.Debug|Any CPU.ActiveCfg = Debug|Any CPU
		{4C3F6155-FABD-4134-B919-9CBB6F829A16}.Debug|Any CPU.Build.0 = Debug|Any CPU
		{4C3F6155-FABD-4134-B919-9CBB6F829A16}.Release|Any CPU.ActiveCfg = Release|Any CPU
		{4C3F6155-FABD-4134-B919-9CBB6F829A16}.Release|Any CPU.Build.0 = Release|Any CPU
	EndGlobalSection
	GlobalSection(SolutionProperties) = preSolution
		HideSolutionNode = FALSE
	EndGlobalSection
	GlobalSection(ExtensibilityGlobals) = postSolution
		SolutionGuid = {56E59898-72D6-4BD9-A982-4CD9148C8965}
	EndGlobalSection
EndGlobal
