
Microsoft Visual Studio Solution File, Format Version 12.00
# Visual Studio Version 17
VisualStudioVersion = 17.5.33627.172
MinimumVisualStudioVersion = 10.0.40219.1
Project("{FAE04EC0-301F-11D3-BF4B-00C04F79EFBC}") = "Vitor.bandeira_WebApplication", "Vitor.bandeira_WebApplication\Vitor.bandeira_WebApplication.csproj", "{98773D60-3BF7-4753-A142-65B0BE42659B}"
EndProject
Global
	GlobalSection(SolutionConfigurationPlatforms) = preSolution
		Debug|Any CPU = Debug|Any CPU
		Release|Any CPU = Release|Any CPU
	EndGlobalSection
	GlobalSection(ProjectConfigurationPlatforms) = postSolution
		{98773D60-3BF7-4753-A142-65B0BE42659B}.Debug|Any CPU.ActiveCfg = Debug|Any CPU
		{98773D60-3BF7-4753-A142-65B0BE42659B}.Debug|Any CPU.Build.0 = Debug|Any CPU
		{98773D60-3BF7-4753-A142-65B0BE42659B}.Release|Any CPU.ActiveCfg = Release|Any CPU
		{98773D60-3BF7-4753-A142-65B0BE42659B}.Release|Any CPU.Build.0 = Release|Any CPU
	EndGlobalSection
	GlobalSection(SolutionProperties) = preSolution
		HideSolutionNode = FALSE
	EndGlobalSection
	GlobalSection(ExtensibilityGlobals) = postSolution
		SolutionGuid = {DCD56AA3-1624-4B0E-9778-36E3DD4B4401}
	EndGlobalSection
EndGlobal
